
Microsoft Visual Studio Solution File, Format Version 12.00
# Visual Studio Version 17
VisualStudioVersion = 17.1.32421.90
MinimumVisualStudioVersion = 10.0.40219.1
Project("{9A19103F-16F7-4668-BE54-9A1E7A4F7556}") = "Installer", "Installer\Installer.csproj", "{2BD62007-7A9F-4DFF-9045-545BA9151DC1}"
EndProject
Global
	GlobalSection(SolutionConfigurationPlatforms) = preSolution
		Debug|Any CPU = Debug|Any CPU
		Release|Any CPU = Release|Any CPU
	EndGlobalSection
	GlobalSection(ProjectConfigurationPlatforms) = postSolution
		{2BD62007-7A9F-4DFF-9045-545BA9151DC1}.Debug|Any CPU.ActiveCfg = Debug|Any CPU
		{2BD62007-7A9F-4DFF-9045-545BA9151DC1}.Debug|Any CPU.Build.0 = Debug|Any CPU
		{2BD62007-7A9F-4DFF-9045-545BA9151DC1}.Release|Any CPU.ActiveCfg = Release|Any CPU
		{2BD62007-7A9F-4DFF-9045-545BA9151DC1}.Release|Any CPU.Build.0 = Release|Any CPU
	EndGlobalSection
	GlobalSection(SolutionProperties) = preSolution
		HideSolutionNode = FALSE
	EndGlobalSection
	GlobalSection(ExtensibilityGlobals) = postSolution
		SolutionGuid = {3D36B2BD-DD06-4A3A-B36D-B56D83846FAB}
	EndGlobalSection
EndGlobal
