
Microsoft Visual Studio Solution File, Format Version 12.00
# Visual Studio Version 17
VisualStudioVersion = 17.11.35219.272
MinimumVisualStudioVersion = 10.0.40219.1
Project("{FAE04EC0-301F-11D3-BF4B-00C04F79EFBC}") = "TRX_Installer", "TRX_Installer\TRX_Installer.csproj", "{145D34D9-4D6B-4AB8-B04C-57F2E68E1A01}"
EndProject
Global
	GlobalSection(SolutionConfigurationPlatforms) = preSolution
		Debug|Any CPU = Debug|Any CPU
		Release|Any CPU = Release|Any CPU
	EndGlobalSection
	GlobalSection(ProjectConfigurationPlatforms) = postSolution
		{145D34D9-4D6B-4AB8-B04C-57F2E68E1A01}.Debug|Any CPU.ActiveCfg = Debug|Any CPU
		{145D34D9-4D6B-4AB8-B04C-57F2E68E1A01}.Debug|Any CPU.Build.0 = Debug|Any CPU
		{145D34D9-4D6B-4AB8-B04C-57F2E68E1A01}.Release|Any CPU.ActiveCfg = Release|Any CPU
		{145D34D9-4D6B-4AB8-B04C-57F2E68E1A01}.Release|Any CPU.Build.0 = Release|Any CPU
	EndGlobalSection
	GlobalSection(SolutionProperties) = preSolution
		HideSolutionNode = FALSE
	EndGlobalSection
	GlobalSection(ExtensibilityGlobals) = postSolution
		SolutionGuid = {BA21B1D5-1CC7-4ED8-8C79-A1A5B0ACC840}
	EndGlobalSection
EndGlobal
